// !$*UTF8*$!
{
	archiveVersion = 1;
	classes = {
	};
	objectVersion = 56;
	objects = {

/* Begin PBXBuildFile section */
		08D1A80BFE6D3F37509B9C46 /* Pods_healthKitExamples_healthKitExamplesUITests.framework in Frameworks */ = {isa = PBXBuildFile; fileRef = 3BC71F72844972EE66798E12 /* Pods_healthKitExamples_healthKitExamplesUITests.framework */; };
		8A1697562A947D8C00EFE088 /* AppDelegate.swift in Sources */ = {isa = PBXBuildFile; fileRef = 8A1697552A947D8C00EFE088 /* AppDelegate.swift */; };
		8A1697582A947D8C00EFE088 /* SceneDelegate.swift in Sources */ = {isa = PBXBuildFile; fileRef = 8A1697572A947D8C00EFE088 /* SceneDelegate.swift */; };
		8A16975A2A947D8C00EFE088 /* ViewController.swift in Sources */ = {isa = PBXBuildFile; fileRef = 8A1697592A947D8C00EFE088 /* ViewController.swift */; };
		8A16975D2A947D8C00EFE088 /* Main.storyboard in Resources */ = {isa = PBXBuildFile; fileRef = 8A16975B2A947D8C00EFE088 /* Main.storyboard */; };
		8A16975F2A947D8D00EFE088 /* Assets.xcassets in Resources */ = {isa = PBXBuildFile; fileRef = 8A16975E2A947D8D00EFE088 /* Assets.xcassets */; };
		8A1697622A947D8D00EFE088 /* LaunchScreen.storyboard in Resources */ = {isa = PBXBuildFile; fileRef = 8A1697602A947D8D00EFE088 /* LaunchScreen.storyboard */; };
		8A1697882A948D7100EFE088 /* HealthKit.framework in Frameworks */ = {isa = PBXBuildFile; fileRef = 8A1697872A948D7000EFE088 /* HealthKit.framework */; };
		8A355EB62A98390A00444AD1 /* CacheManager.swift in Sources */ = {isa = PBXBuildFile; fileRef = 8A355EA32A98390A00444AD1 /* CacheManager.swift */; };
		8A355EB72A98390A00444AD1 /* ChannelsModel.swift in Sources */ = {isa = PBXBuildFile; fileRef = 8A355EA52A98390A00444AD1 /* ChannelsModel.swift */; };
		8A355EB82A98390A00444AD1 /* VideosModel.swift in Sources */ = {isa = PBXBuildFile; fileRef = 8A355EA62A98390A00444AD1 /* VideosModel.swift */; };
		8A355EB92A98390A00444AD1 /* PlayListItemsModel.swift in Sources */ = {isa = PBXBuildFile; fileRef = 8A355EA72A98390A00444AD1 /* PlayListItemsModel.swift */; };
		8A355EBA2A98390A00444AD1 /* MainVideoSubDataModel.swift in Sources */ = {isa = PBXBuildFile; fileRef = 8A355EA82A98390A00444AD1 /* MainVideoSubDataModel.swift */; };
		8A355EBB2A98390A00444AD1 /* SearchItemsModel.swift in Sources */ = {isa = PBXBuildFile; fileRef = 8A355EA92A98390A00444AD1 /* SearchItemsModel.swift */; };
		8A355EBC2A98390A00444AD1 /* ChannelThumbnailModel.swift in Sources */ = {isa = PBXBuildFile; fileRef = 8A355EAA2A98390A00444AD1 /* ChannelThumbnailModel.swift */; };
		8A355EBD2A98390A00444AD1 /* Constants.swift in Sources */ = {isa = PBXBuildFile; fileRef = 8A355EAC2A98390A00444AD1 /* Constants.swift */; };
		8A355EBE2A98390A00444AD1 /* UIVO.swift in Sources */ = {isa = PBXBuildFile; fileRef = 8A355EAD2A98390A00444AD1 /* UIVO.swift */; };
		8A355EBF2A98390A00444AD1 /* YoutubeData.swift in Sources */ = {isa = PBXBuildFile; fileRef = 8A355EAE2A98390A00444AD1 /* YoutubeData.swift */; };
		8A355EC02A98390A00444AD1 /* PlaylistItemsViewModel.swift in Sources */ = {isa = PBXBuildFile; fileRef = 8A355EB02A98390A00444AD1 /* PlaylistItemsViewModel.swift */; };
		8A355EC12A98390A00444AD1 /* MainVideoSubDataViewModel.swift in Sources */ = {isa = PBXBuildFile; fileRef = 8A355EB12A98390A00444AD1 /* MainVideoSubDataViewModel.swift */; };
		8A355EC22A98390A00444AD1 /* VideoViewModel.swift in Sources */ = {isa = PBXBuildFile; fileRef = 8A355EB22A98390A00444AD1 /* VideoViewModel.swift */; };
		8A355EC32A98390A00444AD1 /* ChannelsViewModel.swift in Sources */ = {isa = PBXBuildFile; fileRef = 8A355EB32A98390A00444AD1 /* ChannelsViewModel.swift */; };
		8A355EC42A98390A00444AD1 /* SearchItemsViewModel.swift in Sources */ = {isa = PBXBuildFile; fileRef = 8A355EB42A98390A00444AD1 /* SearchItemsViewModel.swift */; };
		8A355EC52A98390A00444AD1 /* ChannelThumbnailViewModel.swift in Sources */ = {isa = PBXBuildFile; fileRef = 8A355EB52A98390A00444AD1 /* ChannelThumbnailViewModel.swift */; };
		8A355ECB2A98391700444AD1 /* DetailInfoCell.swift in Sources */ = {isa = PBXBuildFile; fileRef = 8A355EC62A98391700444AD1 /* DetailInfoCell.swift */; };
		8A355ECC2A98391700444AD1 /* YouTubeSearching.swift in Sources */ = {isa = PBXBuildFile; fileRef = 8A355EC72A98391700444AD1 /* YouTubeSearching.swift */; };
		8A355ECD2A98391700444AD1 /* BasicYoutubeCell.swift in Sources */ = {isa = PBXBuildFile; fileRef = 8A355EC82A98391700444AD1 /* BasicYoutubeCell.swift */; };
		8A355ECE2A98391700444AD1 /* DetailVideoPage.swift in Sources */ = {isa = PBXBuildFile; fileRef = 8A355EC92A98391700444AD1 /* DetailVideoPage.swift */; };
		8A355ECF2A98391700444AD1 /* YoutubeSearchPage.swift in Sources */ = {isa = PBXBuildFile; fileRef = 8A355ECA2A98391700444AD1 /* YoutubeSearchPage.swift */; };
		8A9E6B3F2A9722BF00F2F50D /* audioTest.mp3 in Resources */ = {isa = PBXBuildFile; fileRef = 8A9E6B3E2A9722BF00F2F50D /* audioTest.mp3 */; };
		8AAB5C322A9DB834002B8285 /* HealthKitDataItem.swift in Sources */ = {isa = PBXBuildFile; fileRef = 8AAB5C312A9DB834002B8285 /* HealthKitDataItem.swift */; };
		8AF13C9F2A9C2F42006B3245 /* Mets.swift in Sources */ = {isa = PBXBuildFile; fileRef = 8AF13C9E2A9C2F42006B3245 /* Mets.swift */; };
		8AF13CA42A9C323B006B3245 /* UserHealthProfile.swift in Sources */ = {isa = PBXBuildFile; fileRef = 8AF13CA12A9C323B006B3245 /* UserHealthProfile.swift */; };
		8AF13CA52A9C323B006B3245 /* WorkoutSession.swift in Sources */ = {isa = PBXBuildFile; fileRef = 8AF13CA22A9C323B006B3245 /* WorkoutSession.swift */; };
		8AF13CA62A9C323B006B3245 /* Workout.swift in Sources */ = {isa = PBXBuildFile; fileRef = 8AF13CA32A9C323B006B3245 /* Workout.swift */; };
		8AF13CAA2A9C3A61006B3245 /* ProfileDataStore.swift in Sources */ = {isa = PBXBuildFile; fileRef = 8AF13CA82A9C3A60006B3245 /* ProfileDataStore.swift */; };
		8AF13CAB2A9C3A61006B3245 /* WorkoutDataStore.swift in Sources */ = {isa = PBXBuildFile; fileRef = 8AF13CA92A9C3A60006B3245 /* WorkoutDataStore.swift */; };
		8AF13CAD2A9C3D3B006B3245 /* HealthKitSetupAssistant.swift in Sources */ = {isa = PBXBuildFile; fileRef = 8AF13CAC2A9C3D3B006B3245 /* HealthKitSetupAssistant.swift */; };
		A582885C3C0BBBD9DFDD4D82 /* Pods_healthKitExamples.framework in Frameworks */ = {isa = PBXBuildFile; fileRef = 27A90B646C2CF1AD67EFEA92 /* Pods_healthKitExamples.framework */; };
		A8D8687B7998C4B84668406B /* Pods_healthKitExamplesTests.framework in Frameworks */ = {isa = PBXBuildFile; fileRef = EA995F50A24A1EB1DB9C0611 /* Pods_healthKitExamplesTests.framework */; };
/* End PBXBuildFile section */

/* Begin PBXContainerItemProxy section */
		8A1697692A947D8D00EFE088 /* PBXContainerItemProxy */ = {
			isa = PBXContainerItemProxy;
			containerPortal = 8A16974A2A947D8C00EFE088 /* Project object */;
			proxyType = 1;
			remoteGlobalIDString = 8A1697512A947D8C00EFE088;
			remoteInfo = healthKitExamples;
		};
		8A1697732A947D8D00EFE088 /* PBXContainerItemProxy */ = {
			isa = PBXContainerItemProxy;
			containerPortal = 8A16974A2A947D8C00EFE088 /* Project object */;
			proxyType = 1;
			remoteGlobalIDString = 8A1697512A947D8C00EFE088;
			remoteInfo = healthKitExamples;
		};
/* End PBXContainerItemProxy section */

/* Begin PBXFileReference section */
		263DDA2DA8ED956D604D7BBB /* Pods-healthKitExamples.debug.xcconfig */ = {isa = PBXFileReference; includeInIndex = 1; lastKnownFileType = text.xcconfig; name = "Pods-healthKitExamples.debug.xcconfig"; path = "Target Support Files/Pods-healthKitExamples/Pods-healthKitExamples.debug.xcconfig"; sourceTree = "<group>"; };
		27A90B646C2CF1AD67EFEA92 /* Pods_healthKitExamples.framework */ = {isa = PBXFileReference; explicitFileType = wrapper.framework; includeInIndex = 0; path = Pods_healthKitExamples.framework; sourceTree = BUILT_PRODUCTS_DIR; };
		37B144F72A6EB1FBA1B238EC /* Pods-healthKitExamples.release.xcconfig */ = {isa = PBXFileReference; includeInIndex = 1; lastKnownFileType = text.xcconfig; name = "Pods-healthKitExamples.release.xcconfig"; path = "Target Support Files/Pods-healthKitExamples/Pods-healthKitExamples.release.xcconfig"; sourceTree = "<group>"; };
		3BC71F72844972EE66798E12 /* Pods_healthKitExamples_healthKitExamplesUITests.framework */ = {isa = PBXFileReference; explicitFileType = wrapper.framework; includeInIndex = 0; path = Pods_healthKitExamples_healthKitExamplesUITests.framework; sourceTree = BUILT_PRODUCTS_DIR; };
		43FDE5F849ED3A13A722A002 /* Pods-healthKitExamples-healthKitExamplesUITests.release.xcconfig */ = {isa = PBXFileReference; includeInIndex = 1; lastKnownFileType = text.xcconfig; name = "Pods-healthKitExamples-healthKitExamplesUITests.release.xcconfig"; path = "Target Support Files/Pods-healthKitExamples-healthKitExamplesUITests/Pods-healthKitExamples-healthKitExamplesUITests.release.xcconfig"; sourceTree = "<group>"; };
		4BE0D7CBFF728B1BA74663DE /* Pods-healthKitExamples-healthKitExamplesUITests.debug.xcconfig */ = {isa = PBXFileReference; includeInIndex = 1; lastKnownFileType = text.xcconfig; name = "Pods-healthKitExamples-healthKitExamplesUITests.debug.xcconfig"; path = "Target Support Files/Pods-healthKitExamples-healthKitExamplesUITests/Pods-healthKitExamples-healthKitExamplesUITests.debug.xcconfig"; sourceTree = "<group>"; };
		8A1697522A947D8C00EFE088 /* healthKitExamples.app */ = {isa = PBXFileReference; explicitFileType = wrapper.application; includeInIndex = 0; path = healthKitExamples.app; sourceTree = BUILT_PRODUCTS_DIR; };
		8A1697552A947D8C00EFE088 /* AppDelegate.swift */ = {isa = PBXFileReference; lastKnownFileType = sourcecode.swift; path = AppDelegate.swift; sourceTree = "<group>"; };
		8A1697572A947D8C00EFE088 /* SceneDelegate.swift */ = {isa = PBXFileReference; lastKnownFileType = sourcecode.swift; path = SceneDelegate.swift; sourceTree = "<group>"; };
		8A1697592A947D8C00EFE088 /* ViewController.swift */ = {isa = PBXFileReference; lastKnownFileType = sourcecode.swift; path = ViewController.swift; sourceTree = "<group>"; };
		8A16975C2A947D8C00EFE088 /* Base */ = {isa = PBXFileReference; lastKnownFileType = file.storyboard; name = Base; path = Base.lproj/Main.storyboard; sourceTree = "<group>"; };
		8A16975E2A947D8D00EFE088 /* Assets.xcassets */ = {isa = PBXFileReference; lastKnownFileType = folder.assetcatalog; path = Assets.xcassets; sourceTree = "<group>"; };
		8A1697612A947D8D00EFE088 /* Base */ = {isa = PBXFileReference; lastKnownFileType = file.storyboard; name = Base; path = Base.lproj/LaunchScreen.storyboard; sourceTree = "<group>"; };
		8A1697632A947D8D00EFE088 /* Info.plist */ = {isa = PBXFileReference; lastKnownFileType = text.plist.xml; path = Info.plist; sourceTree = "<group>"; };
		8A1697682A947D8D00EFE088 /* healthKitExamplesTests.xctest */ = {isa = PBXFileReference; explicitFileType = wrapper.cfbundle; includeInIndex = 0; path = healthKitExamplesTests.xctest; sourceTree = BUILT_PRODUCTS_DIR; };
		8A1697722A947D8D00EFE088 /* healthKitExamplesUITests.xctest */ = {isa = PBXFileReference; explicitFileType = wrapper.cfbundle; includeInIndex = 0; path = healthKitExamplesUITests.xctest; sourceTree = BUILT_PRODUCTS_DIR; };
		8A1697852A948D1000EFE088 /* healthKitExamples.entitlements */ = {isa = PBXFileReference; lastKnownFileType = text.plist.entitlements; path = healthKitExamples.entitlements; sourceTree = "<group>"; };
		8A1697872A948D7000EFE088 /* HealthKit.framework */ = {isa = PBXFileReference; lastKnownFileType = wrapper.framework; name = HealthKit.framework; path = System/Library/Frameworks/HealthKit.framework; sourceTree = SDKROOT; };
		8A355EA32A98390A00444AD1 /* CacheManager.swift */ = {isa = PBXFileReference; fileEncoding = 4; lastKnownFileType = sourcecode.swift; path = CacheManager.swift; sourceTree = "<group>"; };
		8A355EA52A98390A00444AD1 /* ChannelsModel.swift */ = {isa = PBXFileReference; fileEncoding = 4; lastKnownFileType = sourcecode.swift; path = ChannelsModel.swift; sourceTree = "<group>"; };
		8A355EA62A98390A00444AD1 /* VideosModel.swift */ = {isa = PBXFileReference; fileEncoding = 4; lastKnownFileType = sourcecode.swift; path = VideosModel.swift; sourceTree = "<group>"; };
		8A355EA72A98390A00444AD1 /* PlayListItemsModel.swift */ = {isa = PBXFileReference; fileEncoding = 4; lastKnownFileType = sourcecode.swift; path = PlayListItemsModel.swift; sourceTree = "<group>"; };
		8A355EA82A98390A00444AD1 /* MainVideoSubDataModel.swift */ = {isa = PBXFileReference; fileEncoding = 4; lastKnownFileType = sourcecode.swift; path = MainVideoSubDataModel.swift; sourceTree = "<group>"; };
		8A355EA92A98390A00444AD1 /* SearchItemsModel.swift */ = {isa = PBXFileReference; fileEncoding = 4; lastKnownFileType = sourcecode.swift; path = SearchItemsModel.swift; sourceTree = "<group>"; };
		8A355EAA2A98390A00444AD1 /* ChannelThumbnailModel.swift */ = {isa = PBXFileReference; fileEncoding = 4; lastKnownFileType = sourcecode.swift; path = ChannelThumbnailModel.swift; sourceTree = "<group>"; };
		8A355EAC2A98390A00444AD1 /* Constants.swift */ = {isa = PBXFileReference; fileEncoding = 4; lastKnownFileType = sourcecode.swift; path = Constants.swift; sourceTree = "<group>"; };
		8A355EAD2A98390A00444AD1 /* UIVO.swift */ = {isa = PBXFileReference; fileEncoding = 4; lastKnownFileType = sourcecode.swift; path = UIVO.swift; sourceTree = "<group>"; };
		8A355EAE2A98390A00444AD1 /* YoutubeData.swift */ = {isa = PBXFileReference; fileEncoding = 4; lastKnownFileType = sourcecode.swift; path = YoutubeData.swift; sourceTree = "<group>"; };
		8A355EB02A98390A00444AD1 /* PlaylistItemsViewModel.swift */ = {isa = PBXFileReference; fileEncoding = 4; lastKnownFileType = sourcecode.swift; path = PlaylistItemsViewModel.swift; sourceTree = "<group>"; };
		8A355EB12A98390A00444AD1 /* MainVideoSubDataViewModel.swift */ = {isa = PBXFileReference; fileEncoding = 4; lastKnownFileType = sourcecode.swift; path = MainVideoSubDataViewModel.swift; sourceTree = "<group>"; };
		8A355EB22A98390A00444AD1 /* VideoViewModel.swift */ = {isa = PBXFileReference; fileEncoding = 4; lastKnownFileType = sourcecode.swift; path = VideoViewModel.swift; sourceTree = "<group>"; };
		8A355EB32A98390A00444AD1 /* ChannelsViewModel.swift */ = {isa = PBXFileReference; fileEncoding = 4; lastKnownFileType = sourcecode.swift; path = ChannelsViewModel.swift; sourceTree = "<group>"; };
		8A355EB42A98390A00444AD1 /* SearchItemsViewModel.swift */ = {isa = PBXFileReference; fileEncoding = 4; lastKnownFileType = sourcecode.swift; path = SearchItemsViewModel.swift; sourceTree = "<group>"; };
		8A355EB52A98390A00444AD1 /* ChannelThumbnailViewModel.swift */ = {isa = PBXFileReference; fileEncoding = 4; lastKnownFileType = sourcecode.swift; path = ChannelThumbnailViewModel.swift; sourceTree = "<group>"; };
		8A355EC62A98391700444AD1 /* DetailInfoCell.swift */ = {isa = PBXFileReference; fileEncoding = 4; lastKnownFileType = sourcecode.swift; path = DetailInfoCell.swift; sourceTree = "<group>"; };
		8A355EC72A98391700444AD1 /* YouTubeSearching.swift */ = {isa = PBXFileReference; fileEncoding = 4; lastKnownFileType = sourcecode.swift; path = YouTubeSearching.swift; sourceTree = "<group>"; };
		8A355EC82A98391700444AD1 /* BasicYoutubeCell.swift */ = {isa = PBXFileReference; fileEncoding = 4; lastKnownFileType = sourcecode.swift; path = BasicYoutubeCell.swift; sourceTree = "<group>"; };
		8A355EC92A98391700444AD1 /* DetailVideoPage.swift */ = {isa = PBXFileReference; fileEncoding = 4; lastKnownFileType = sourcecode.swift; path = DetailVideoPage.swift; sourceTree = "<group>"; };
		8A355ECA2A98391700444AD1 /* YoutubeSearchPage.swift */ = {isa = PBXFileReference; fileEncoding = 4; lastKnownFileType = sourcecode.swift; path = YoutubeSearchPage.swift; sourceTree = "<group>"; };
		8A9E6B3E2A9722BF00F2F50D /* audioTest.mp3 */ = {isa = PBXFileReference; lastKnownFileType = audio.mp3; path = audioTest.mp3; sourceTree = "<group>"; };
		8AAB5C312A9DB834002B8285 /* HealthKitDataItem.swift */ = {isa = PBXFileReference; lastKnownFileType = sourcecode.swift; path = HealthKitDataItem.swift; sourceTree = "<group>"; };
		8AF13C9E2A9C2F42006B3245 /* Mets.swift */ = {isa = PBXFileReference; lastKnownFileType = sourcecode.swift; path = Mets.swift; sourceTree = "<group>"; };
		8AF13CA12A9C323B006B3245 /* UserHealthProfile.swift */ = {isa = PBXFileReference; fileEncoding = 4; lastKnownFileType = sourcecode.swift; path = UserHealthProfile.swift; sourceTree = "<group>"; };
		8AF13CA22A9C323B006B3245 /* WorkoutSession.swift */ = {isa = PBXFileReference; fileEncoding = 4; lastKnownFileType = sourcecode.swift; path = WorkoutSession.swift; sourceTree = "<group>"; };
		8AF13CA32A9C323B006B3245 /* Workout.swift */ = {isa = PBXFileReference; fileEncoding = 4; lastKnownFileType = sourcecode.swift; path = Workout.swift; sourceTree = "<group>"; };
		8AF13CA82A9C3A60006B3245 /* ProfileDataStore.swift */ = {isa = PBXFileReference; fileEncoding = 4; lastKnownFileType = sourcecode.swift; path = ProfileDataStore.swift; sourceTree = "<group>"; };
		8AF13CA92A9C3A60006B3245 /* WorkoutDataStore.swift */ = {isa = PBXFileReference; fileEncoding = 4; lastKnownFileType = sourcecode.swift; path = WorkoutDataStore.swift; sourceTree = "<group>"; };
		8AF13CAC2A9C3D3B006B3245 /* HealthKitSetupAssistant.swift */ = {isa = PBXFileReference; fileEncoding = 4; lastKnownFileType = sourcecode.swift; path = HealthKitSetupAssistant.swift; sourceTree = "<group>"; };
		A9CE62027E275A54D242D381 /* Pods-healthKitExamplesTests.debug.xcconfig */ = {isa = PBXFileReference; includeInIndex = 1; lastKnownFileType = text.xcconfig; name = "Pods-healthKitExamplesTests.debug.xcconfig"; path = "Target Support Files/Pods-healthKitExamplesTests/Pods-healthKitExamplesTests.debug.xcconfig"; sourceTree = "<group>"; };
		EA995F50A24A1EB1DB9C0611 /* Pods_healthKitExamplesTests.framework */ = {isa = PBXFileReference; explicitFileType = wrapper.framework; includeInIndex = 0; path = Pods_healthKitExamplesTests.framework; sourceTree = BUILT_PRODUCTS_DIR; };
		F1A1D8551EB79C3D983233A8 /* Pods-healthKitExamplesTests.release.xcconfig */ = {isa = PBXFileReference; includeInIndex = 1; lastKnownFileType = text.xcconfig; name = "Pods-healthKitExamplesTests.release.xcconfig"; path = "Target Support Files/Pods-healthKitExamplesTests/Pods-healthKitExamplesTests.release.xcconfig"; sourceTree = "<group>"; };
/* End PBXFileReference section */

/* Begin PBXFrameworksBuildPhase section */
		8A16974F2A947D8C00EFE088 /* Frameworks */ = {
			isa = PBXFrameworksBuildPhase;
			buildActionMask = 2147483647;
			files = (
				8A1697882A948D7100EFE088 /* HealthKit.framework in Frameworks */,
				A582885C3C0BBBD9DFDD4D82 /* Pods_healthKitExamples.framework in Frameworks */,
			);
			runOnlyForDeploymentPostprocessing = 0;
		};
		8A1697652A947D8D00EFE088 /* Frameworks */ = {
			isa = PBXFrameworksBuildPhase;
			buildActionMask = 2147483647;
			files = (
				A8D8687B7998C4B84668406B /* Pods_healthKitExamplesTests.framework in Frameworks */,
			);
			runOnlyForDeploymentPostprocessing = 0;
		};
		8A16976F2A947D8D00EFE088 /* Frameworks */ = {
			isa = PBXFrameworksBuildPhase;
			buildActionMask = 2147483647;
			files = (
				08D1A80BFE6D3F37509B9C46 /* Pods_healthKitExamples_healthKitExamplesUITests.framework in Frameworks */,
			);
			runOnlyForDeploymentPostprocessing = 0;
		};
/* End PBXFrameworksBuildPhase section */

/* Begin PBXGroup section */
		8A1697492A947D8C00EFE088 = {
			isa = PBXGroup;
			children = (
				8A1697542A947D8C00EFE088 /* healthKitExamples */,
				8A1697532A947D8C00EFE088 /* Products */,
				8A1697862A948D6F00EFE088 /* Frameworks */,
				B4D457B11D8288D3D9A925D5 /* Pods */,
			);
			sourceTree = "<group>";
		};
		8A1697532A947D8C00EFE088 /* Products */ = {
			isa = PBXGroup;
			children = (
				8A1697522A947D8C00EFE088 /* healthKitExamples.app */,
				8A1697682A947D8D00EFE088 /* healthKitExamplesTests.xctest */,
				8A1697722A947D8D00EFE088 /* healthKitExamplesUITests.xctest */,
			);
			name = Products;
			sourceTree = "<group>";
		};
		8A1697542A947D8C00EFE088 /* healthKitExamples */ = {
			isa = PBXGroup;
			children = (
				8AAB5C282A9D8DD3002B8285 /* AudioModel */,
				8AF13CA72A9C3A3F006B3245 /* Data Stores */,
				8AF13CA02A9C322A006B3245 /* Data */,
				8A355EA12A9838E600444AD1 /* youtubes */,
				8A1697852A948D1000EFE088 /* healthKitExamples.entitlements */,
				8A1697552A947D8C00EFE088 /* AppDelegate.swift */,
				8A1697572A947D8C00EFE088 /* SceneDelegate.swift */,
				8A1697592A947D8C00EFE088 /* ViewController.swift */,
				8A16975B2A947D8C00EFE088 /* Main.storyboard */,
				8A16975E2A947D8D00EFE088 /* Assets.xcassets */,
				8A1697602A947D8D00EFE088 /* LaunchScreen.storyboard */,
				8A9E6B3E2A9722BF00F2F50D /* audioTest.mp3 */,
				8A1697632A947D8D00EFE088 /* Info.plist */,
				8AF13C9E2A9C2F42006B3245 /* Mets.swift */,
			);
			path = healthKitExamples;
			sourceTree = "<group>";
		};
		8A1697862A948D6F00EFE088 /* Frameworks */ = {
			isa = PBXGroup;
			children = (
				8A1697872A948D7000EFE088 /* HealthKit.framework */,
				27A90B646C2CF1AD67EFEA92 /* Pods_healthKitExamples.framework */,
				3BC71F72844972EE66798E12 /* Pods_healthKitExamples_healthKitExamplesUITests.framework */,
				EA995F50A24A1EB1DB9C0611 /* Pods_healthKitExamplesTests.framework */,
			);
			name = Frameworks;
			sourceTree = "<group>";
		};
		8A355EA12A9838E600444AD1 /* youtubes */ = {
			isa = PBXGroup;
			children = (
				8A355EC82A98391700444AD1 /* BasicYoutubeCell.swift */,
				8A355EC62A98391700444AD1 /* DetailInfoCell.swift */,
				8A355EC92A98391700444AD1 /* DetailVideoPage.swift */,
				8A355EC72A98391700444AD1 /* YouTubeSearching.swift */,
				8A355ECA2A98391700444AD1 /* YoutubeSearchPage.swift */,
				8A355EAB2A98390A00444AD1 /* Data */,
				8A355EA22A98390A00444AD1 /* Managers */,
				8A355EA42A98390A00444AD1 /* Model */,
				8A355EAF2A98390A00444AD1 /* ViewModel */,
			);
			path = youtubes;
			sourceTree = "<group>";
		};
		8A355EA22A98390A00444AD1 /* Managers */ = {
			isa = PBXGroup;
			children = (
				8A355EA32A98390A00444AD1 /* CacheManager.swift */,
			);
			path = Managers;
			sourceTree = "<group>";
		};
		8A355EA42A98390A00444AD1 /* Model */ = {
			isa = PBXGroup;
			children = (
				8A355EA52A98390A00444AD1 /* ChannelsModel.swift */,
				8A355EA62A98390A00444AD1 /* VideosModel.swift */,
				8A355EA72A98390A00444AD1 /* PlayListItemsModel.swift */,
				8A355EA82A98390A00444AD1 /* MainVideoSubDataModel.swift */,
				8A355EA92A98390A00444AD1 /* SearchItemsModel.swift */,
				8A355EAA2A98390A00444AD1 /* ChannelThumbnailModel.swift */,
			);
			path = Model;
			sourceTree = "<group>";
		};
		8A355EAB2A98390A00444AD1 /* Data */ = {
			isa = PBXGroup;
			children = (
				8A355EAC2A98390A00444AD1 /* Constants.swift */,
				8A355EAD2A98390A00444AD1 /* UIVO.swift */,
				8A355EAE2A98390A00444AD1 /* YoutubeData.swift */,
			);
			path = Data;
			sourceTree = "<group>";
		};
		8A355EAF2A98390A00444AD1 /* ViewModel */ = {
			isa = PBXGroup;
			children = (
				8A355EB02A98390A00444AD1 /* PlaylistItemsViewModel.swift */,
				8A355EB12A98390A00444AD1 /* MainVideoSubDataViewModel.swift */,
				8A355EB22A98390A00444AD1 /* VideoViewModel.swift */,
				8A355EB32A98390A00444AD1 /* ChannelsViewModel.swift */,
				8A355EB42A98390A00444AD1 /* SearchItemsViewModel.swift */,
				8A355EB52A98390A00444AD1 /* ChannelThumbnailViewModel.swift */,
			);
			path = ViewModel;
			sourceTree = "<group>";
		};
		8AAB5C282A9D8DD3002B8285 /* AudioModel */ = {
			isa = PBXGroup;
			children = (
			);
			path = AudioModel;
			sourceTree = "<group>";
		};
		8AF13CA02A9C322A006B3245 /* Data */ = {
			isa = PBXGroup;
			children = (
				8AF13CAC2A9C3D3B006B3245 /* HealthKitSetupAssistant.swift */,
				8AF13CA12A9C323B006B3245 /* UserHealthProfile.swift */,
				8AF13CA32A9C323B006B3245 /* Workout.swift */,
				8AF13CA22A9C323B006B3245 /* WorkoutSession.swift */,
				8AAB5C312A9DB834002B8285 /* HealthKitDataItem.swift */,
			);
			path = Data;
			sourceTree = "<group>";
		};
		8AF13CA72A9C3A3F006B3245 /* Data Stores */ = {
			isa = PBXGroup;
			children = (
				8AF13CA82A9C3A60006B3245 /* ProfileDataStore.swift */,
				8AF13CA92A9C3A60006B3245 /* WorkoutDataStore.swift */,
			);
			path = "Data Stores";
			sourceTree = "<group>";
		};
		B4D457B11D8288D3D9A925D5 /* Pods */ = {
			isa = PBXGroup;
			children = (
				263DDA2DA8ED956D604D7BBB /* Pods-healthKitExamples.debug.xcconfig */,
				37B144F72A6EB1FBA1B238EC /* Pods-healthKitExamples.release.xcconfig */,
				4BE0D7CBFF728B1BA74663DE /* Pods-healthKitExamples-healthKitExamplesUITests.debug.xcconfig */,
				43FDE5F849ED3A13A722A002 /* Pods-healthKitExamples-healthKitExamplesUITests.release.xcconfig */,
				A9CE62027E275A54D242D381 /* Pods-healthKitExamplesTests.debug.xcconfig */,
				F1A1D8551EB79C3D983233A8 /* Pods-healthKitExamplesTests.release.xcconfig */,
			);
			path = Pods;
			sourceTree = "<group>";
		};
/* End PBXGroup section */

/* Begin PBXNativeTarget section */
		8A1697512A947D8C00EFE088 /* healthKitExamples */ = {
			isa = PBXNativeTarget;
			buildConfigurationList = 8A16977C2A947D8D00EFE088 /* Build configuration list for PBXNativeTarget "healthKitExamples" */;
			buildPhases = (
				AE812B707B7669A0914C744D /* [CP] Check Pods Manifest.lock */,
				8A16974E2A947D8C00EFE088 /* Sources */,
				8A16974F2A947D8C00EFE088 /* Frameworks */,
				8A1697502A947D8C00EFE088 /* Resources */,
				787E8CF6F2F22F1F07A220D6 /* [CP] Embed Pods Frameworks */,
			);
			buildRules = (
			);
			dependencies = (
			);
			name = healthKitExamples;
			productName = healthKitExamples;
			productReference = 8A1697522A947D8C00EFE088 /* healthKitExamples.app */;
			productType = "com.apple.product-type.application";
		};
		8A1697672A947D8D00EFE088 /* healthKitExamplesTests */ = {
			isa = PBXNativeTarget;
			buildConfigurationList = 8A16977F2A947D8D00EFE088 /* Build configuration list for PBXNativeTarget "healthKitExamplesTests" */;
			buildPhases = (
				1370B45B2C5FC22B67968451 /* [CP] Check Pods Manifest.lock */,
				8A1697642A947D8D00EFE088 /* Sources */,
				8A1697652A947D8D00EFE088 /* Frameworks */,
				8A1697662A947D8D00EFE088 /* Resources */,
			);
			buildRules = (
			);
			dependencies = (
				8A16976A2A947D8D00EFE088 /* PBXTargetDependency */,
			);
			name = healthKitExamplesTests;
			productName = healthKitExamplesTests;
			productReference = 8A1697682A947D8D00EFE088 /* healthKitExamplesTests.xctest */;
			productType = "com.apple.product-type.bundle.unit-test";
		};
		8A1697712A947D8D00EFE088 /* healthKitExamplesUITests */ = {
			isa = PBXNativeTarget;
			buildConfigurationList = 8A1697822A947D8D00EFE088 /* Build configuration list for PBXNativeTarget "healthKitExamplesUITests" */;
			buildPhases = (
				86C9AB5661B0DE2E0467D3F2 /* [CP] Check Pods Manifest.lock */,
				8A16976E2A947D8D00EFE088 /* Sources */,
				8A16976F2A947D8D00EFE088 /* Frameworks */,
				8A1697702A947D8D00EFE088 /* Resources */,
				969FC548A27F77447E9F5DD6 /* [CP] Embed Pods Frameworks */,
			);
			buildRules = (
			);
			dependencies = (
				8A1697742A947D8D00EFE088 /* PBXTargetDependency */,
			);
			name = healthKitExamplesUITests;
			productName = healthKitExamplesUITests;
			productReference = 8A1697722A947D8D00EFE088 /* healthKitExamplesUITests.xctest */;
			productType = "com.apple.product-type.bundle.ui-testing";
		};
/* End PBXNativeTarget section */

/* Begin PBXProject section */
		8A16974A2A947D8C00EFE088 /* Project object */ = {
			isa = PBXProject;
			attributes = {
				BuildIndependentTargetsInParallel = 1;
				LastSwiftUpdateCheck = 1420;
				LastUpgradeCheck = 1420;
				TargetAttributes = {
					8A1697512A947D8C00EFE088 = {
						CreatedOnToolsVersion = 14.2;
					};
					8A1697672A947D8D00EFE088 = {
						CreatedOnToolsVersion = 14.2;
						TestTargetID = 8A1697512A947D8C00EFE088;
					};
					8A1697712A947D8D00EFE088 = {
						CreatedOnToolsVersion = 14.2;
						TestTargetID = 8A1697512A947D8C00EFE088;
					};
				};
			};
			buildConfigurationList = 8A16974D2A947D8C00EFE088 /* Build configuration list for PBXProject "healthKitExamples" */;
			compatibilityVersion = "Xcode 14.0";
			developmentRegion = en;
			hasScannedForEncodings = 0;
			knownRegions = (
				en,
				Base,
			);
			mainGroup = 8A1697492A947D8C00EFE088;
			productRefGroup = 8A1697532A947D8C00EFE088 /* Products */;
			projectDirPath = "";
			projectRoot = "";
			targets = (
				8A1697512A947D8C00EFE088 /* healthKitExamples */,
				8A1697672A947D8D00EFE088 /* healthKitExamplesTests */,
				8A1697712A947D8D00EFE088 /* healthKitExamplesUITests */,
			);
		};
/* End PBXProject section */

/* Begin PBXResourcesBuildPhase section */
		8A1697502A947D8C00EFE088 /* Resources */ = {
			isa = PBXResourcesBuildPhase;
			buildActionMask = 2147483647;
			files = (
				8A1697622A947D8D00EFE088 /* LaunchScreen.storyboard in Resources */,
				8A9E6B3F2A9722BF00F2F50D /* audioTest.mp3 in Resources */,
				8A16975F2A947D8D00EFE088 /* Assets.xcassets in Resources */,
				8A16975D2A947D8C00EFE088 /* Main.storyboard in Resources */,
			);
			runOnlyForDeploymentPostprocessing = 0;
		};
		8A1697662A947D8D00EFE088 /* Resources */ = {
			isa = PBXResourcesBuildPhase;
			buildActionMask = 2147483647;
			files = (
			);
			runOnlyForDeploymentPostprocessing = 0;
		};
		8A1697702A947D8D00EFE088 /* Resources */ = {
			isa = PBXResourcesBuildPhase;
			buildActionMask = 2147483647;
			files = (
			);
			runOnlyForDeploymentPostprocessing = 0;
		};
/* End PBXResourcesBuildPhase section */

/* Begin PBXShellScriptBuildPhase section */
		1370B45B2C5FC22B67968451 /* [CP] Check Pods Manifest.lock */ = {
			isa = PBXShellScriptBuildPhase;
			buildActionMask = 2147483647;
			files = (
			);
			inputFileListPaths = (
			);
			inputPaths = (
				"${PODS_PODFILE_DIR_PATH}/Podfile.lock",
				"${PODS_ROOT}/Manifest.lock",
			);
			name = "[CP] Check Pods Manifest.lock";
			outputFileListPaths = (
			);
			outputPaths = (
				"$(DERIVED_FILE_DIR)/Pods-healthKitExamplesTests-checkManifestLockResult.txt",
			);
			runOnlyForDeploymentPostprocessing = 0;
			shellPath = /bin/sh;
			shellScript = "diff \"${PODS_PODFILE_DIR_PATH}/Podfile.lock\" \"${PODS_ROOT}/Manifest.lock\" > /dev/null\nif [ $? != 0 ] ; then\n    # print error to STDERR\n    echo \"error: The sandbox is not in sync with the Podfile.lock. Run 'pod install' or update your CocoaPods installation.\" >&2\n    exit 1\nfi\n# This output is used by Xcode 'outputs' to avoid re-running this script phase.\necho \"SUCCESS\" > \"${SCRIPT_OUTPUT_FILE_0}\"\n";
			showEnvVarsInLog = 0;
		};
		787E8CF6F2F22F1F07A220D6 /* [CP] Embed Pods Frameworks */ = {
			isa = PBXShellScriptBuildPhase;
			buildActionMask = 2147483647;
			files = (
			);
			inputFileListPaths = (
				"${PODS_ROOT}/Target Support Files/Pods-healthKitExamples/Pods-healthKitExamples-frameworks-${CONFIGURATION}-input-files.xcfilelist",
			);
			name = "[CP] Embed Pods Frameworks";
			outputFileListPaths = (
				"${PODS_ROOT}/Target Support Files/Pods-healthKitExamples/Pods-healthKitExamples-frameworks-${CONFIGURATION}-output-files.xcfilelist",
			);
			runOnlyForDeploymentPostprocessing = 0;
			shellPath = /bin/sh;
			shellScript = "\"${PODS_ROOT}/Target Support Files/Pods-healthKitExamples/Pods-healthKitExamples-frameworks.sh\"\n";
			showEnvVarsInLog = 0;
		};
		86C9AB5661B0DE2E0467D3F2 /* [CP] Check Pods Manifest.lock */ = {
			isa = PBXShellScriptBuildPhase;
			buildActionMask = 2147483647;
			files = (
			);
			inputFileListPaths = (
			);
			inputPaths = (
				"${PODS_PODFILE_DIR_PATH}/Podfile.lock",
				"${PODS_ROOT}/Manifest.lock",
			);
			name = "[CP] Check Pods Manifest.lock";
			outputFileListPaths = (
			);
			outputPaths = (
				"$(DERIVED_FILE_DIR)/Pods-healthKitExamples-healthKitExamplesUITests-checkManifestLockResult.txt",
			);
			runOnlyForDeploymentPostprocessing = 0;
			shellPath = /bin/sh;
			shellScript = "diff \"${PODS_PODFILE_DIR_PATH}/Podfile.lock\" \"${PODS_ROOT}/Manifest.lock\" > /dev/null\nif [ $? != 0 ] ; then\n    # print error to STDERR\n    echo \"error: The sandbox is not in sync with the Podfile.lock. Run 'pod install' or update your CocoaPods installation.\" >&2\n    exit 1\nfi\n# This output is used by Xcode 'outputs' to avoid re-running this script phase.\necho \"SUCCESS\" > \"${SCRIPT_OUTPUT_FILE_0}\"\n";
			showEnvVarsInLog = 0;
		};
		969FC548A27F77447E9F5DD6 /* [CP] Embed Pods Frameworks */ = {
			isa = PBXShellScriptBuildPhase;
			buildActionMask = 2147483647;
			files = (
			);
			inputFileListPaths = (
				"${PODS_ROOT}/Target Support Files/Pods-healthKitExamples-healthKitExamplesUITests/Pods-healthKitExamples-healthKitExamplesUITests-frameworks-${CONFIGURATION}-input-files.xcfilelist",
			);
			name = "[CP] Embed Pods Frameworks";
			outputFileListPaths = (
				"${PODS_ROOT}/Target Support Files/Pods-healthKitExamples-healthKitExamplesUITests/Pods-healthKitExamples-healthKitExamplesUITests-frameworks-${CONFIGURATION}-output-files.xcfilelist",
			);
			runOnlyForDeploymentPostprocessing = 0;
			shellPath = /bin/sh;
			shellScript = "\"${PODS_ROOT}/Target Support Files/Pods-healthKitExamples-healthKitExamplesUITests/Pods-healthKitExamples-healthKitExamplesUITests-frameworks.sh\"\n";
			showEnvVarsInLog = 0;
		};
		AE812B707B7669A0914C744D /* [CP] Check Pods Manifest.lock */ = {
			isa = PBXShellScriptBuildPhase;
			buildActionMask = 2147483647;
			files = (
			);
			inputFileListPaths = (
			);
			inputPaths = (
				"${PODS_PODFILE_DIR_PATH}/Podfile.lock",
				"${PODS_ROOT}/Manifest.lock",
			);
			name = "[CP] Check Pods Manifest.lock";
			outputFileListPaths = (
			);
			outputPaths = (
				"$(DERIVED_FILE_DIR)/Pods-healthKitExamples-checkManifestLockResult.txt",
			);
			runOnlyForDeploymentPostprocessing = 0;
			shellPath = /bin/sh;
			shellScript = "diff \"${PODS_PODFILE_DIR_PATH}/Podfile.lock\" \"${PODS_ROOT}/Manifest.lock\" > /dev/null\nif [ $? != 0 ] ; then\n    # print error to STDERR\n    echo \"error: The sandbox is not in sync with the Podfile.lock. Run 'pod install' or update your CocoaPods installation.\" >&2\n    exit 1\nfi\n# This output is used by Xcode 'outputs' to avoid re-running this script phase.\necho \"SUCCESS\" > \"${SCRIPT_OUTPUT_FILE_0}\"\n";
			showEnvVarsInLog = 0;
		};
/* End PBXShellScriptBuildPhase section */

/* Begin PBXSourcesBuildPhase section */
		8A16974E2A947D8C00EFE088 /* Sources */ = {
			isa = PBXSourcesBuildPhase;
			buildActionMask = 2147483647;
			files = (
				8A355ECE2A98391700444AD1 /* DetailVideoPage.swift in Sources */,
				8A355EBE2A98390A00444AD1 /* UIVO.swift in Sources */,
				8A355ECF2A98391700444AD1 /* YoutubeSearchPage.swift in Sources */,
				8A355EBB2A98390A00444AD1 /* SearchItemsModel.swift in Sources */,
				8A355ECD2A98391700444AD1 /* BasicYoutubeCell.swift in Sources */,
				8AF13CA52A9C323B006B3245 /* WorkoutSession.swift in Sources */,
				8A355EC22A98390A00444AD1 /* VideoViewModel.swift in Sources */,
				8A355EBD2A98390A00444AD1 /* Constants.swift in Sources */,
				8A355ECC2A98391700444AD1 /* YouTubeSearching.swift in Sources */,
				8A355EC02A98390A00444AD1 /* PlaylistItemsViewModel.swift in Sources */,
				8A355EB62A98390A00444AD1 /* CacheManager.swift in Sources */,
				8A355EC12A98390A00444AD1 /* MainVideoSubDataViewModel.swift in Sources */,
				8A16975A2A947D8C00EFE088 /* ViewController.swift in Sources */,
				8A355EC32A98390A00444AD1 /* ChannelsViewModel.swift in Sources */,
				8AF13CAA2A9C3A61006B3245 /* ProfileDataStore.swift in Sources */,
				8AF13CAD2A9C3D3B006B3245 /* HealthKitSetupAssistant.swift in Sources */,
				8A1697562A947D8C00EFE088 /* AppDelegate.swift in Sources */,
				8A355ECB2A98391700444AD1 /* DetailInfoCell.swift in Sources */,
				8A355EB82A98390A00444AD1 /* VideosModel.swift in Sources */,
				8A355EC42A98390A00444AD1 /* SearchItemsViewModel.swift in Sources */,
				8A355EBF2A98390A00444AD1 /* YoutubeData.swift in Sources */,
				8AF13CA42A9C323B006B3245 /* UserHealthProfile.swift in Sources */,
				8A1697582A947D8C00EFE088 /* SceneDelegate.swift in Sources */,
				8A355EB92A98390A00444AD1 /* PlayListItemsModel.swift in Sources */,
				8A355EB72A98390A00444AD1 /* ChannelsModel.swift in Sources */,
				8AAB5C322A9DB834002B8285 /* HealthKitDataItem.swift in Sources */,
				8AF13CA62A9C323B006B3245 /* Workout.swift in Sources */,
				8A355EBC2A98390A00444AD1 /* ChannelThumbnailModel.swift in Sources */,
				8A355EBA2A98390A00444AD1 /* MainVideoSubDataModel.swift in Sources */,
				8AF13CAB2A9C3A61006B3245 /* WorkoutDataStore.swift in Sources */,
				8AF13C9F2A9C2F42006B3245 /* Mets.swift in Sources */,
				8A355EC52A98390A00444AD1 /* ChannelThumbnailViewModel.swift in Sources */,
			);
			runOnlyForDeploymentPostprocessing = 0;
		};
		8A1697642A947D8D00EFE088 /* Sources */ = {
			isa = PBXSourcesBuildPhase;
			buildActionMask = 2147483647;
			files = (
			);
			runOnlyForDeploymentPostprocessing = 0;
		};
		8A16976E2A947D8D00EFE088 /* Sources */ = {
			isa = PBXSourcesBuildPhase;
			buildActionMask = 2147483647;
			files = (
			);
			runOnlyForDeploymentPostprocessing = 0;
		};
/* End PBXSourcesBuildPhase section */

/* Begin PBXTargetDependency section */
		8A16976A2A947D8D00EFE088 /* PBXTargetDependency */ = {
			isa = PBXTargetDependency;
			target = 8A1697512A947D8C00EFE088 /* healthKitExamples */;
			targetProxy = 8A1697692A947D8D00EFE088 /* PBXContainerItemProxy */;
		};
		8A1697742A947D8D00EFE088 /* PBXTargetDependency */ = {
			isa = PBXTargetDependency;
			target = 8A1697512A947D8C00EFE088 /* healthKitExamples */;
			targetProxy = 8A1697732A947D8D00EFE088 /* PBXContainerItemProxy */;
		};
/* End PBXTargetDependency section */

/* Begin PBXVariantGroup section */
		8A16975B2A947D8C00EFE088 /* Main.storyboard */ = {
			isa = PBXVariantGroup;
			children = (
				8A16975C2A947D8C00EFE088 /* Base */,
			);
			name = Main.storyboard;
			sourceTree = "<group>";
		};
		8A1697602A947D8D00EFE088 /* LaunchScreen.storyboard */ = {
			isa = PBXVariantGroup;
			children = (
				8A1697612A947D8D00EFE088 /* Base */,
			);
			name = LaunchScreen.storyboard;
			sourceTree = "<group>";
		};
/* End PBXVariantGroup section */

/* Begin XCBuildConfiguration section */
		8A16977A2A947D8D00EFE088 /* Debug */ = {
			isa = XCBuildConfiguration;
			buildSettings = {
				ALWAYS_SEARCH_USER_PATHS = NO;
				CLANG_ANALYZER_NONNULL = YES;
				CLANG_ANALYZER_NUMBER_OBJECT_CONVERSION = YES_AGGRESSIVE;
				CLANG_CXX_LANGUAGE_STANDARD = "gnu++20";
				CLANG_ENABLE_MODULES = YES;
				CLANG_ENABLE_OBJC_ARC = YES;
				CLANG_ENABLE_OBJC_WEAK = YES;
				CLANG_WARN_BLOCK_CAPTURE_AUTORELEASING = YES;
				CLANG_WARN_BOOL_CONVERSION = YES;
				CLANG_WARN_COMMA = YES;
				CLANG_WARN_CONSTANT_CONVERSION = YES;
				CLANG_WARN_DEPRECATED_OBJC_IMPLEMENTATIONS = YES;
				CLANG_WARN_DIRECT_OBJC_ISA_USAGE = YES_ERROR;
				CLANG_WARN_DOCUMENTATION_COMMENTS = YES;
				CLANG_WARN_EMPTY_BODY = YES;
				CLANG_WARN_ENUM_CONVERSION = YES;
				CLANG_WARN_INFINITE_RECURSION = YES;
				CLANG_WARN_INT_CONVERSION = YES;
				CLANG_WARN_NON_LITERAL_NULL_CONVERSION = YES;
				CLANG_WARN_OBJC_IMPLICIT_RETAIN_SELF = YES;
				CLANG_WARN_OBJC_LITERAL_CONVERSION = YES;
				CLANG_WARN_OBJC_ROOT_CLASS = YES_ERROR;
				CLANG_WARN_QUOTED_INCLUDE_IN_FRAMEWORK_HEADER = YES;
				CLANG_WARN_RANGE_LOOP_ANALYSIS = YES;
				CLANG_WARN_STRICT_PROTOTYPES = YES;
				CLANG_WARN_SUSPICIOUS_MOVE = YES;
				CLANG_WARN_UNGUARDED_AVAILABILITY = YES_AGGRESSIVE;
				CLANG_WARN_UNREACHABLE_CODE = YES;
				CLANG_WARN__DUPLICATE_METHOD_MATCH = YES;
				COPY_PHASE_STRIP = NO;
				DEBUG_INFORMATION_FORMAT = dwarf;
				ENABLE_STRICT_OBJC_MSGSEND = YES;
				ENABLE_TESTABILITY = YES;
				GCC_C_LANGUAGE_STANDARD = gnu11;
				GCC_DYNAMIC_NO_PIC = NO;
				GCC_NO_COMMON_BLOCKS = YES;
				GCC_OPTIMIZATION_LEVEL = 0;
				GCC_PREPROCESSOR_DEFINITIONS = (
					"DEBUG=1",
					"$(inherited)",
				);
				GCC_WARN_64_TO_32_BIT_CONVERSION = YES;
				GCC_WARN_ABOUT_RETURN_TYPE = YES_ERROR;
				GCC_WARN_UNDECLARED_SELECTOR = YES;
				GCC_WARN_UNINITIALIZED_AUTOS = YES_AGGRESSIVE;
				GCC_WARN_UNUSED_FUNCTION = YES;
				GCC_WARN_UNUSED_VARIABLE = YES;
				IPHONEOS_DEPLOYMENT_TARGET = 15.6;
				MTL_ENABLE_DEBUG_INFO = INCLUDE_SOURCE;
				MTL_FAST_MATH = YES;
				ONLY_ACTIVE_ARCH = YES;
				SDKROOT = iphoneos;
				SWIFT_ACTIVE_COMPILATION_CONDITIONS = DEBUG;
				SWIFT_OPTIMIZATION_LEVEL = "-Onone";
			};
			name = Debug;
		};
		8A16977B2A947D8D00EFE088 /* Release */ = {
			isa = XCBuildConfiguration;
			buildSettings = {
				ALWAYS_SEARCH_USER_PATHS = NO;
				CLANG_ANALYZER_NONNULL = YES;
				CLANG_ANALYZER_NUMBER_OBJECT_CONVERSION = YES_AGGRESSIVE;
				CLANG_CXX_LANGUAGE_STANDARD = "gnu++20";
				CLANG_ENABLE_MODULES = YES;
				CLANG_ENABLE_OBJC_ARC = YES;
				CLANG_ENABLE_OBJC_WEAK = YES;
				CLANG_WARN_BLOCK_CAPTURE_AUTORELEASING = YES;
				CLANG_WARN_BOOL_CONVERSION = YES;
				CLANG_WARN_COMMA = YES;
				CLANG_WARN_CONSTANT_CONVERSION = YES;
				CLANG_WARN_DEPRECATED_OBJC_IMPLEMENTATIONS = YES;
				CLANG_WARN_DIRECT_OBJC_ISA_USAGE = YES_ERROR;
				CLANG_WARN_DOCUMENTATION_COMMENTS = YES;
				CLANG_WARN_EMPTY_BODY = YES;
				CLANG_WARN_ENUM_CONVERSION = YES;
				CLANG_WARN_INFINITE_RECURSION = YES;
				CLANG_WARN_INT_CONVERSION = YES;
				CLANG_WARN_NON_LITERAL_NULL_CONVERSION = YES;
				CLANG_WARN_OBJC_IMPLICIT_RETAIN_SELF = YES;
				CLANG_WARN_OBJC_LITERAL_CONVERSION = YES;
				CLANG_WARN_OBJC_ROOT_CLASS = YES_ERROR;
				CLANG_WARN_QUOTED_INCLUDE_IN_FRAMEWORK_HEADER = YES;
				CLANG_WARN_RANGE_LOOP_ANALYSIS = YES;
				CLANG_WARN_STRICT_PROTOTYPES = YES;
				CLANG_WARN_SUSPICIOUS_MOVE = YES;
				CLANG_WARN_UNGUARDED_AVAILABILITY = YES_AGGRESSIVE;
				CLANG_WARN_UNREACHABLE_CODE = YES;
				CLANG_WARN__DUPLICATE_METHOD_MATCH = YES;
				COPY_PHASE_STRIP = NO;
				DEBUG_INFORMATION_FORMAT = "dwarf-with-dsym";
				ENABLE_NS_ASSERTIONS = NO;
				ENABLE_STRICT_OBJC_MSGSEND = YES;
				GCC_C_LANGUAGE_STANDARD = gnu11;
				GCC_NO_COMMON_BLOCKS = YES;
				GCC_WARN_64_TO_32_BIT_CONVERSION = YES;
				GCC_WARN_ABOUT_RETURN_TYPE = YES_ERROR;
				GCC_WARN_UNDECLARED_SELECTOR = YES;
				GCC_WARN_UNINITIALIZED_AUTOS = YES_AGGRESSIVE;
				GCC_WARN_UNUSED_FUNCTION = YES;
				GCC_WARN_UNUSED_VARIABLE = YES;
				IPHONEOS_DEPLOYMENT_TARGET = 15.6;
				MTL_ENABLE_DEBUG_INFO = NO;
				MTL_FAST_MATH = YES;
				SDKROOT = iphoneos;
				SWIFT_COMPILATION_MODE = wholemodule;
				SWIFT_OPTIMIZATION_LEVEL = "-O";
				VALIDATE_PRODUCT = YES;
			};
			name = Release;
		};
		8A16977D2A947D8D00EFE088 /* Debug */ = {
			isa = XCBuildConfiguration;
			baseConfigurationReference = 263DDA2DA8ED956D604D7BBB /* Pods-healthKitExamples.debug.xcconfig */;
			buildSettings = {
				ASSETCATALOG_COMPILER_APPICON_NAME = AppIcon;
				ASSETCATALOG_COMPILER_GLOBAL_ACCENT_COLOR_NAME = AccentColor;
				CODE_SIGN_ENTITLEMENTS = healthKitExamples/healthKitExamples.entitlements;
				CODE_SIGN_IDENTITY = "Apple Development";
				CODE_SIGN_STYLE = Automatic;
				CURRENT_PROJECT_VERSION = 1;
				DEVELOPMENT_TEAM = TTMJ6LR737;
				GENERATE_INFOPLIST_FILE = YES;
				INFOPLIST_FILE = healthKitExamples/Info.plist;
				INFOPLIST_KEY_NSHealthShareUsageDescription = "some string value stating the reason";
				INFOPLIST_KEY_NSHealthUpdateUsageDescription = "some string value stating the reason";
				INFOPLIST_KEY_UIApplicationSupportsIndirectInputEvents = YES;
				INFOPLIST_KEY_UILaunchStoryboardName = LaunchScreen;
				INFOPLIST_KEY_UIMainStoryboardFile = Main;
				INFOPLIST_KEY_UISupportedInterfaceOrientations_iPad = "UIInterfaceOrientationPortrait UIInterfaceOrientationPortraitUpsideDown UIInterfaceOrientationLandscapeLeft UIInterfaceOrientationLandscapeRight";
				INFOPLIST_KEY_UISupportedInterfaceOrientations_iPhone = "UIInterfaceOrientationPortrait UIInterfaceOrientationLandscapeLeft UIInterfaceOrientationLandscapeRight";
				IPHONEOS_DEPLOYMENT_TARGET = 14.0;
				LD_RUNPATH_SEARCH_PATHS = (
					"$(inherited)",
					"@executable_path/Frameworks",
				);
				MARKETING_VERSION = 1.0;
				PRODUCT_BUNDLE_IDENTIFIER = UI.testhealthKit;
				PRODUCT_NAME = "$(TARGET_NAME)";
				PROVISIONING_PROFILE_SPECIFIER = "";
				SWIFT_EMIT_LOC_STRINGS = YES;
				SWIFT_VERSION = 5.0;
				TARGETED_DEVICE_FAMILY = "1,2";
			};
			name = Debug;
		};
		8A16977E2A947D8D00EFE088 /* Release */ = {
			isa = XCBuildConfiguration;
			baseConfigurationReference = 37B144F72A6EB1FBA1B238EC /* Pods-healthKitExamples.release.xcconfig */;
			buildSettings = {
				ASSETCATALOG_COMPILER_APPICON_NAME = AppIcon;
				ASSETCATALOG_COMPILER_GLOBAL_ACCENT_COLOR_NAME = AccentColor;
				CODE_SIGN_ENTITLEMENTS = healthKitExamples/healthKitExamples.entitlements;
				CODE_SIGN_IDENTITY = "Apple Development";
				CODE_SIGN_STYLE = Automatic;
				CURRENT_PROJECT_VERSION = 1;
				DEVELOPMENT_TEAM = TTMJ6LR737;
				GENERATE_INFOPLIST_FILE = YES;
				INFOPLIST_FILE = healthKitExamples/Info.plist;
				INFOPLIST_KEY_NSHealthShareUsageDescription = "some string value stating the reason";
				INFOPLIST_KEY_NSHealthUpdateUsageDescription = "some string value stating the reason";
				INFOPLIST_KEY_UIApplicationSupportsIndirectInputEvents = YES;
				INFOPLIST_KEY_UILaunchStoryboardName = LaunchScreen;
				INFOPLIST_KEY_UIMainStoryboardFile = Main;
				INFOPLIST_KEY_UISupportedInterfaceOrientations_iPad = "UIInterfaceOrientationPortrait UIInterfaceOrientationPortraitUpsideDown UIInterfaceOrientationLandscapeLeft UIInterfaceOrientationLandscapeRight";
				INFOPLIST_KEY_UISupportedInterfaceOrientations_iPhone = "UIInterfaceOrientationPortrait UIInterfaceOrientationLandscapeLeft UIInterfaceOrientationLandscapeRight";
				IPHONEOS_DEPLOYMENT_TARGET = 14.0;
				LD_RUNPATH_SEARCH_PATHS = (
					"$(inherited)",
					"@executable_path/Frameworks",
				);
				MARKETING_VERSION = 1.0;
				PRODUCT_BUNDLE_IDENTIFIER = UI.testhealthKit;
				PRODUCT_NAME = "$(TARGET_NAME)";
				PROVISIONING_PROFILE_SPECIFIER = "";
				SWIFT_EMIT_LOC_STRINGS = YES;
				SWIFT_VERSION = 5.0;
				TARGETED_DEVICE_FAMILY = "1,2";
			};
			name = Release;
		};
		8A1697802A947D8D00EFE088 /* Debug */ = {
			isa = XCBuildConfiguration;
			baseConfigurationReference = A9CE62027E275A54D242D381 /* Pods-healthKitExamplesTests.debug.xcconfig */;
			buildSettings = {
				ALWAYS_EMBED_SWIFT_STANDARD_LIBRARIES = YES;
				BUNDLE_LOADER = "$(TEST_HOST)";
				CODE_SIGN_STYLE = Automatic;
				CURRENT_PROJECT_VERSION = 1;
				GENERATE_INFOPLIST_FILE = YES;
				IPHONEOS_DEPLOYMENT_TARGET = 16.2;
				MARKETING_VERSION = 1.0;
				PRODUCT_BUNDLE_IDENTIFIER = UI.healthKitExamplesTests;
				PRODUCT_NAME = "$(TARGET_NAME)";
				SWIFT_EMIT_LOC_STRINGS = NO;
				SWIFT_VERSION = 5.0;
				TARGETED_DEVICE_FAMILY = "1,2";
				TEST_HOST = "$(BUILT_PRODUCTS_DIR)/healthKitExamples.app/$(BUNDLE_EXECUTABLE_FOLDER_PATH)/healthKitExamples";
			};
			name = Debug;
		};
		8A1697812A947D8D00EFE088 /* Release */ = {
			isa = XCBuildConfiguration;
			baseConfigurationReference = F1A1D8551EB79C3D983233A8 /* Pods-healthKitExamplesTests.release.xcconfig */;
			buildSettings = {
				ALWAYS_EMBED_SWIFT_STANDARD_LIBRARIES = YES;
				BUNDLE_LOADER = "$(TEST_HOST)";
				CODE_SIGN_STYLE = Automatic;
				CURRENT_PROJECT_VERSION = 1;
				GENERATE_INFOPLIST_FILE = YES;
				IPHONEOS_DEPLOYMENT_TARGET = 16.2;
				MARKETING_VERSION = 1.0;
				PRODUCT_BUNDLE_IDENTIFIER = UI.healthKitExamplesTests;
				PRODUCT_NAME = "$(TARGET_NAME)";
				SWIFT_EMIT_LOC_STRINGS = NO;
				SWIFT_VERSION = 5.0;
				TARGETED_DEVICE_FAMILY = "1,2";
				TEST_HOST = "$(BUILT_PRODUCTS_DIR)/healthKitExamples.app/$(BUNDLE_EXECUTABLE_FOLDER_PATH)/healthKitExamples";
			};
			name = Release;
		};
		8A1697832A947D8D00EFE088 /* Debug */ = {
			isa = XCBuildConfiguration;
			baseConfigurationReference = 4BE0D7CBFF728B1BA74663DE /* Pods-healthKitExamples-healthKitExamplesUITests.debug.xcconfig */;
			buildSettings = {
				ALWAYS_EMBED_SWIFT_STANDARD_LIBRARIES = YES;
				CODE_SIGN_STYLE = Automatic;
				CURRENT_PROJECT_VERSION = 1;
				GENERATE_INFOPLIST_FILE = YES;
				MARKETING_VERSION = 1.0;
				PRODUCT_BUNDLE_IDENTIFIER = UI.healthKitExamplesUITests;
				PRODUCT_NAME = "$(TARGET_NAME)";
				SWIFT_EMIT_LOC_STRINGS = NO;
				SWIFT_VERSION = 5.0;
				TARGETED_DEVICE_FAMILY = "1,2";
				TEST_TARGET_NAME = healthKitExamples;
			};
			name = Debug;
		};
		8A1697842A947D8D00EFE088 /* Release */ = {
			isa = XCBuildConfiguration;
			baseConfigurationReference = 43FDE5F849ED3A13A722A002 /* Pods-healthKitExamples-healthKitExamplesUITests.release.xcconfig */;
			buildSettings = {
				ALWAYS_EMBED_SWIFT_STANDARD_LIBRARIES = YES;
				CODE_SIGN_STYLE = Automatic;
				CURRENT_PROJECT_VERSION = 1;
				GENERATE_INFOPLIST_FILE = YES;
				MARKETING_VERSION = 1.0;
				PRODUCT_BUNDLE_IDENTIFIER = UI.healthKitExamplesUITests;
				PRODUCT_NAME = "$(TARGET_NAME)";
				SWIFT_EMIT_LOC_STRINGS = NO;
				SWIFT_VERSION = 5.0;
				TARGETED_DEVICE_FAMILY = "1,2";
				TEST_TARGET_NAME = healthKitExamples;
			};
			name = Release;
		};
/* End XCBuildConfiguration section */

/* Begin XCConfigurationList section */
		8A16974D2A947D8C00EFE088 /* Build configuration list for PBXProject "healthKitExamples" */ = {
			isa = XCConfigurationList;
			buildConfigurations = (
				8A16977A2A947D8D00EFE088 /* Debug */,
				8A16977B2A947D8D00EFE088 /* Release */,
			);
			defaultConfigurationIsVisible = 0;
			defaultConfigurationName = Release;
		};
		8A16977C2A947D8D00EFE088 /* Build configuration list for PBXNativeTarget "healthKitExamples" */ = {
			isa = XCConfigurationList;
			buildConfigurations = (
				8A16977D2A947D8D00EFE088 /* Debug */,
				8A16977E2A947D8D00EFE088 /* Release */,
			);
			defaultConfigurationIsVisible = 0;
			defaultConfigurationName = Release;
		};
		8A16977F2A947D8D00EFE088 /* Build configuration list for PBXNativeTarget "healthKitExamplesTests" */ = {
			isa = XCConfigurationList;
			buildConfigurations = (
				8A1697802A947D8D00EFE088 /* Debug */,
				8A1697812A947D8D00EFE088 /* Release */,
			);
			defaultConfigurationIsVisible = 0;
			defaultConfigurationName = Release;
		};
		8A1697822A947D8D00EFE088 /* Build configuration list for PBXNativeTarget "healthKitExamplesUITests" */ = {
			isa = XCConfigurationList;
			buildConfigurations = (
				8A1697832A947D8D00EFE088 /* Debug */,
				8A1697842A947D8D00EFE088 /* Release */,
			);
			defaultConfigurationIsVisible = 0;
			defaultConfigurationName = Release;
		};
/* End XCConfigurationList section */
	};
	rootObject = 8A16974A2A947D8C00EFE088 /* Project object */;
}
